
Microsoft Visual Studio Solution File, Format Version 12.00
# Visual Studio Version 17
VisualStudioVersion = 17.2.32519.379
MinimumVisualStudioVersion = 10.0.40219.1
Project("{9A19103F-16F7-4668-BE54-9A1E7A4F7556}") = "vergiFinance", "vergiFinance\vergiFinance.csproj", "{C1CD129C-27BE-4FA1-BEBA-493292174B61}"
EndProject
Project("{9A19103F-16F7-4668-BE54-9A1E7A4F7556}") = "Terminal", "Terminal\Terminal.csproj", "{73A84E27-75DA-4719-9528-D92E74C01FFB}"
EndProject
Project("{9A19103F-16F7-4668-BE54-9A1E7A4F7556}") = "vergiCommon", "vergiCommon\vergiCommon.csproj", "{30690911-23AE-4033-A0D1-D72811DE4DC9}"
EndProject
Project("{FAE04EC0-301F-11D3-BF4B-00C04F79EFBC}") = "vergiFinance.UnitTests", "vergiFinance.UnitTests\vergiFinance.UnitTests.csproj", "{BE3581D1-F937-41BD-84F0-7FD3E94AAA46}"
EndProject
Global
	GlobalSection(SolutionConfigurationPlatforms) = preSolution
		Debug|Any CPU = Debug|Any CPU
		Release|Any CPU = Release|Any CPU
	EndGlobalSection
	GlobalSection(ProjectConfigurationPlatforms) = postSolution
		{C1CD129C-27BE-4FA1-BEBA-493292174B61}.Debug|Any CPU.ActiveCfg = Debug|Any CPU
		{C1CD129C-27BE-4FA1-BEBA-493292174B61}.Debug|Any CPU.Build.0 = Debug|Any CPU
		{C1CD129C-27BE-4FA1-BEBA-493292174B61}.Release|Any CPU.ActiveCfg = Release|Any CPU
		{C1CD129C-27BE-4FA1-BEBA-493292174B61}.Release|Any CPU.Build.0 = Release|Any CPU
		{73A84E27-75DA-4719-9528-D92E74C01FFB}.Debug|Any CPU.ActiveCfg = Debug|Any CPU
		{73A84E27-75DA-4719-9528-D92E74C01FFB}.Debug|Any CPU.Build.0 = Debug|Any CPU
		{73A84E27-75DA-4719-9528-D92E74C01FFB}.Release|Any CPU.ActiveCfg = Release|Any CPU
		{73A84E27-75DA-4719-9528-D92E74C01FFB}.Release|Any CPU.Build.0 = Release|Any CPU
		{30690911-23AE-4033-A0D1-D72811DE4DC9}.Debug|Any CPU.ActiveCfg = Debug|Any CPU
		{30690911-23AE-4033-A0D1-D72811DE4DC9}.Debug|Any CPU.Build.0 = Debug|Any CPU
		{30690911-23AE-4033-A0D1-D72811DE4DC9}.Release|Any CPU.ActiveCfg = Release|Any CPU
		{30690911-23AE-4033-A0D1-D72811DE4DC9}.Release|Any CPU.Build.0 = Release|Any CPU
		{BE3581D1-F937-41BD-84F0-7FD3E94AAA46}.Debug|Any CPU.ActiveCfg = Debug|Any CPU
		{BE3581D1-F937-41BD-84F0-7FD3E94AAA46}.Debug|Any CPU.Build.0 = Debug|Any CPU
		{BE3581D1-F937-41BD-84F0-7FD3E94AAA46}.Release|Any CPU.ActiveCfg = Release|Any CPU
		{BE3581D1-F937-41BD-84F0-7FD3E94AAA46}.Release|Any CPU.Build.0 = Release|Any CPU
	EndGlobalSection
	GlobalSection(SolutionProperties) = preSolution
		HideSolutionNode = FALSE
	EndGlobalSection
	GlobalSection(ExtensibilityGlobals) = postSolution
		SolutionGuid = {2DCB0D2B-4E2C-49F4-A1E6-17CE7DE4A627}
	EndGlobalSection
EndGlobal
